
Microsoft Visual Studio Solution File, Format Version 12.00
# Visual Studio Version 17
VisualStudioVersion = 17.0.31903.59
MinimumVisualStudioVersion = 10.0.40219.1
Project("{2150E333-8FDC-42A3-9474-1A3956D46DE8}") = "src", "src", "{827E0CD3-B72D-47B6-A68D-7590B98EB39B}"
EndProject
Project("{FAE04EC0-301F-11D3-BF4B-00C04F79EFBC}") = "SecureTenant.Core", "src\SecureTenant.Core\SecureTenant.Core.csproj", "{27978099-AC74-4EF1-951F-5598D93C97A5}"
EndProject
Project("{FAE04EC0-301F-11D3-BF4B-00C04F79EFBC}") = "SecureTenant.Infrastructure", "src\SecureTenant.Infrastructure\SecureTenant.Infrastructure.csproj", "{CAABC437-D306-4326-B14F-3BDD9BB16B6D}"
EndProject
Project("{FAE04EC0-301F-11D3-BF4B-00C04F79EFBC}") = "SecureTenant.Auth", "src\SecureTenant.Auth\SecureTenant.Auth.csproj", "{2724E719-2C29-4A10-94A7-611D54CDE12B}"
EndProject
Project("{FAE04EC0-301F-11D3-BF4B-00C04F79EFBC}") = "SecureTenant.ProtectedApi", "src\SecureTenant.ProtectedApi\SecureTenant.ProtectedApi.csproj", "{44B86AF3-31B5-4BBA-9BAD-7A9A7321E48B}"
EndProject
Project("{2150E333-8FDC-42A3-9474-1A3956D46DE8}") = "tests", "tests", "{0AB3BF05-4346-4AA6-1389-037BE0695223}"
EndProject
Project("{FAE04EC0-301F-11D3-BF4B-00C04F79EFBC}") = "SecureTenant.Tests", "tests\SecureTenant.Tests\SecureTenant.Tests.csproj", "{90B5370B-190A-4FA2-886E-E36497D6CA91}"
EndProject
Global
	GlobalSection(SolutionConfigurationPlatforms) = preSolution
		Debug|Any CPU = Debug|Any CPU
		Debug|x64 = Debug|x64
		Debug|x86 = Debug|x86
		Release|Any CPU = Release|Any CPU
		Release|x64 = Release|x64
		Release|x86 = Release|x86
	EndGlobalSection
	GlobalSection(ProjectConfigurationPlatforms) = postSolution
		{27978099-AC74-4EF1-951F-5598D93C97A5}.Debug|Any CPU.ActiveCfg = Debug|Any CPU
		{27978099-AC74-4EF1-951F-5598D93C97A5}.Debug|Any CPU.Build.0 = Debug|Any CPU
		{27978099-AC74-4EF1-951F-5598D93C97A5}.Debug|x64.ActiveCfg = Debug|Any CPU
		{27978099-AC74-4EF1-951F-5598D93C97A5}.Debug|x64.Build.0 = Debug|Any CPU
		{27978099-AC74-4EF1-951F-5598D93C97A5}.Debug|x86.ActiveCfg = Debug|Any CPU
		{27978099-AC74-4EF1-951F-5598D93C97A5}.Debug|x86.Build.0 = Debug|Any CPU
		{27978099-AC74-4EF1-951F-5598D93C97A5}.Release|Any CPU.ActiveCfg = Release|Any CPU
		{27978099-AC74-4EF1-951F-5598D93C97A5}.Release|Any CPU.Build.0 = Release|Any CPU
		{27978099-AC74-4EF1-951F-5598D93C97A5}.Release|x64.ActiveCfg = Release|Any CPU
		{27978099-AC74-4EF1-951F-5598D93C97A5}.Release|x64.Build.0 = Release|Any CPU
		{27978099-AC74-4EF1-951F-5598D93C97A5}.Release|x86.ActiveCfg = Release|Any CPU
		{27978099-AC74-4EF1-951F-5598D93C97A5}.Release|x86.Build.0 = Release|Any CPU
		{CAABC437-D306-4326-B14F-3BDD9BB16B6D}.Debug|Any CPU.ActiveCfg = Debug|Any CPU
		{CAABC437-D306-4326-B14F-3BDD9BB16B6D}.Debug|Any CPU.Build.0 = Debug|Any CPU
		{CAABC437-D306-4326-B14F-3BDD9BB16B6D}.Debug|x64.ActiveCfg = Debug|Any CPU
		{CAABC437-D306-4326-B14F-3BDD9BB16B6D}.Debug|x64.Build.0 = Debug|Any CPU
		{CAABC437-D306-4326-B14F-3BDD9BB16B6D}.Debug|x86.ActiveCfg = Debug|Any CPU
		{CAABC437-D306-4326-B14F-3BDD9BB16B6D}.Debug|x86.Build.0 = Debug|Any CPU
		{CAABC437-D306-4326-B14F-3BDD9BB16B6D}.Release|Any CPU.ActiveCfg = Release|Any CPU
		{CAABC437-D306-4326-B14F-3BDD9BB16B6D}.Release|Any CPU.Build.0 = Release|Any CPU
		{CAABC437-D306-4326-B14F-3BDD9BB16B6D}.Release|x64.ActiveCfg = Release|Any CPU
		{CAABC437-D306-4326-B14F-3BDD9BB16B6D}.Release|x64.Build.0 = Release|Any CPU
		{CAABC437-D306-4326-B14F-3BDD9BB16B6D}.Release|x86.ActiveCfg = Release|Any CPU
		{CAABC437-D306-4326-B14F-3BDD9BB16B6D}.Release|x86.Build.0 = Release|Any CPU
		{2724E719-2C29-4A10-94A7-611D54CDE12B}.Debug|Any CPU.ActiveCfg = Debug|Any CPU
		{2724E719-2C29-4A10-94A7-611D54CDE12B}.Debug|Any CPU.Build.0 = Debug|Any CPU
		{2724E719-2C29-4A10-94A7-611D54CDE12B}.Debug|x64.ActiveCfg = Debug|Any CPU
		{2724E719-2C29-4A10-94A7-611D54CDE12B}.Debug|x64.Build.0 = Debug|Any CPU
		{2724E719-2C29-4A10-94A7-611D54CDE12B}.Debug|x86.ActiveCfg = Debug|Any CPU
		{2724E719-2C29-4A10-94A7-611D54CDE12B}.Debug|x86.Build.0 = Debug|Any CPU
		{2724E719-2C29-4A10-94A7-611D54CDE12B}.Release|Any CPU.ActiveCfg = Release|Any CPU
		{2724E719-2C29-4A10-94A7-611D54CDE12B}.Release|Any CPU.Build.0 = Release|Any CPU
		{2724E719-2C29-4A10-94A7-611D54CDE12B}.Release|x64.ActiveCfg = Release|Any CPU
		{2724E719-2C29-4A10-94A7-611D54CDE12B}.Release|x64.Build.0 = Release|Any CPU
		{2724E719-2C29-4A10-94A7-611D54CDE12B}.Release|x86.ActiveCfg = Release|Any CPU
		{2724E719-2C29-4A10-94A7-611D54CDE12B}.Release|x86.Build.0 = Release|Any CPU
		{44B86AF3-31B5-4BBA-9BAD-7A9A7321E48B}.Debug|Any CPU.ActiveCfg = Debug|Any CPU
		{44B86AF3-31B5-4BBA-9BAD-7A9A7321E48B}.Debug|Any CPU.Build.0 = Debug|Any CPU
		{44B86AF3-31B5-4BBA-9BAD-7A9A7321E48B}.Debug|x64.ActiveCfg = Debug|Any CPU
		{44B86AF3-31B5-4BBA-9BAD-7A9A7321E48B}.Debug|x64.Build.0 = Debug|Any CPU
		{44B86AF3-31B5-4BBA-9BAD-7A9A7321E48B}.Debug|x86.ActiveCfg = Debug|Any CPU
		{44B86AF3-31B5-4BBA-9BAD-7A9A7321E48B}.Debug|x86.Build.0 = Debug|Any CPU
		{44B86AF3-31B5-4BBA-9BAD-7A9A7321E48B}.Release|Any CPU.ActiveCfg = Release|Any CPU
		{44B86AF3-31B5-4BBA-9BAD-7A9A7321E48B}.Release|Any CPU.Build.0 = Release|Any CPU
		{44B86AF3-31B5-4BBA-9BAD-7A9A7321E48B}.Release|x64.ActiveCfg = Release|Any CPU
		{44B86AF3-31B5-4BBA-9BAD-7A9A7321E48B}.Release|x64.Build.0 = Release|Any CPU
		{44B86AF3-31B5-4BBA-9BAD-7A9A7321E48B}.Release|x86.ActiveCfg = Release|Any CPU
		{44B86AF3-31B5-4BBA-9BAD-7A9A7321E48B}.Release|x86.Build.0 = Release|Any CPU
		{90B5370B-190A-4FA2-886E-E36497D6CA91}.Debug|Any CPU.ActiveCfg = Debug|Any CPU
		{90B5370B-190A-4FA2-886E-E36497D6CA91}.Debug|Any CPU.Build.0 = Debug|Any CPU
		{90B5370B-190A-4FA2-886E-E36497D6CA91}.Debug|x64.ActiveCfg = Debug|Any CPU
		{90B5370B-190A-4FA2-886E-E36497D6CA91}.Debug|x64.Build.0 = Debug|Any CPU
		{90B5370B-190A-4FA2-886E-E36497D6CA91}.Debug|x86.ActiveCfg = Debug|Any CPU
		{90B5370B-190A-4FA2-886E-E36497D6CA91}.Debug|x86.Build.0 = Debug|Any CPU
		{90B5370B-190A-4FA2-886E-E36497D6CA91}.Release|Any CPU.ActiveCfg = Release|Any CPU
		{90B5370B-190A-4FA2-886E-E36497D6CA91}.Release|Any CPU.Build.0 = Release|Any CPU
		{90B5370B-190A-4FA2-886E-E36497D6CA91}.Release|x64.ActiveCfg = Release|Any CPU
		{90B5370B-190A-4FA2-886E-E36497D6CA91}.Release|x64.Build.0 = Release|Any CPU
		{90B5370B-190A-4FA2-886E-E36497D6CA91}.Release|x86.ActiveCfg = Release|Any CPU
		{90B5370B-190A-4FA2-886E-E36497D6CA91}.Release|x86.Build.0 = Release|Any CPU
	EndGlobalSection
	GlobalSection(SolutionProperties) = preSolution
		HideSolutionNode = FALSE
	EndGlobalSection
	GlobalSection(NestedProjects) = preSolution
		{27978099-AC74-4EF1-951F-5598D93C97A5} = {827E0CD3-B72D-47B6-A68D-7590B98EB39B}
		{CAABC437-D306-4326-B14F-3BDD9BB16B6D} = {827E0CD3-B72D-47B6-A68D-7590B98EB39B}
		{2724E719-2C29-4A10-94A7-611D54CDE12B} = {827E0CD3-B72D-47B6-A68D-7590B98EB39B}
		{44B86AF3-31B5-4BBA-9BAD-7A9A7321E48B} = {827E0CD3-B72D-47B6-A68D-7590B98EB39B}
		{90B5370B-190A-4FA2-886E-E36497D6CA91} = {0AB3BF05-4346-4AA6-1389-037BE0695223}
	EndGlobalSection
EndGlobal
